
Microsoft Visual Studio Solution File, Format Version 12.00
# Visual Studio 15
VisualStudioVersion = 15.0.28307.489
MinimumVisualStudioVersion = 10.0.40219.1
Project("{FAE04EC0-301F-11D3-BF4B-00C04F79EFBC}") = "GeonameAPI", "GeonameAPI\GeonameAPI.csproj", "{0CF02865-C86B-4F38-A032-0F6F91068946}"
EndProject
Project("{FAE04EC0-301F-11D3-BF4B-00C04F79EFBC}") = "GeonameAPI.Tests", "GeonameAPI.Tests\GeonameAPI.Tests.csproj", "{A18458F2-4496-4C71-B868-93624BCD5793}"
EndProject
Global
	GlobalSection(SolutionConfigurationPlatforms) = preSolution
		Debug|Any CPU = Debug|Any CPU
		Release|Any CPU = Release|Any CPU
	EndGlobalSection
	GlobalSection(ProjectConfigurationPlatforms) = postSolution
		{0CF02865-C86B-4F38-A032-0F6F91068946}.Debug|Any CPU.ActiveCfg = Debug|Any CPU
		{0CF02865-C86B-4F38-A032-0F6F91068946}.Debug|Any CPU.Build.0 = Debug|Any CPU
		{0CF02865-C86B-4F38-A032-0F6F91068946}.Release|Any CPU.ActiveCfg = Release|Any CPU
		{0CF02865-C86B-4F38-A032-0F6F91068946}.Release|Any CPU.Build.0 = Release|Any CPU
		{A18458F2-4496-4C71-B868-93624BCD5793}.Debug|Any CPU.ActiveCfg = Debug|Any CPU
		{A18458F2-4496-4C71-B868-93624BCD5793}.Debug|Any CPU.Build.0 = Debug|Any CPU
		{A18458F2-4496-4C71-B868-93624BCD5793}.Release|Any CPU.ActiveCfg = Release|Any CPU
		{A18458F2-4496-4C71-B868-93624BCD5793}.Release|Any CPU.Build.0 = Release|Any CPU
	EndGlobalSection
	GlobalSection(SolutionProperties) = preSolution
		HideSolutionNode = FALSE
	EndGlobalSection
	GlobalSection(ExtensibilityGlobals) = postSolution
		SolutionGuid = {D0965602-0939-4E5A-A916-121848E6C1F7}
	EndGlobalSection
EndGlobal
